{
  "name": "semantic-release-github-actions-tags",
  "lockfileVersion": 3,
  "requires": true,
  "packages": {
    "": {
      "devDependencies": {
        "semantic-release-github-actions-tags": "^1.0.3"
      }
    },
    "node_modules/@semantic-release/error": {
      "version": "3.0.0",
      "resolved": "https://registry.npmjs.org/@semantic-release/error/-/error-3.0.0.tgz",
      "integrity": "sha512-5hiM4Un+tpl4cKw3lV4UgzJj+SmfNIDCLLw0TepzQxz9ZGV5ixnqkzIVF+3tp0ZHgcMKE+VNGHJjEeyFG2dcSw==",
      "dev": true,
      "engines": {
        "node": ">=14.17"
      }
    },
    "node_modules/semantic-release-github-actions-tags": {
      "version": "1.0.3",
      "resolved": "https://registry.npmjs.org/semantic-release-github-actions-tags/-/semantic-release-github-actions-tags-1.0.3.tgz",
      "integrity": "sha512-kgc/FxR6LfhdhA5Wpel6sU4nyYajiETuakfODi1mxlUiii5MvceZdQtaTsGxwJZg2hvOTgyf8/o2fNQ9r4IPxw==",
      "dev": true,
      "dependencies": {
        "@semantic-release/error": "3.0.0"
      }
    }
  }
}
